<?xml version="1.0" encoding="utf-8"?>
<Project ToolsVersion="4.0" xmlns="http://schemas.microsoft.com/developer/msbuild/2003">
  <ItemGroup>
    <Filter Include="Source Files">
      <UniqueIdentifier>{4FC737F1-C7A5-4376-A066-2A32D752A2FF}</UniqueIdentifier>
      <Extensions>cpp;c;cc;cxx;def;odl;idl;hpj;bat;asm;asmx</Extensions>
    </Filter>
    <Filter Include="Header Files">
      <UniqueIdentifier>{93995380-89BD-4b04-88EB-625FBE52EBFB}</UniqueIdentifier>
      <Extensions>h;hpp;hxx;hm;inl;inc;xsd</Extensions>
    </Filter>
    <Filter Include="Resource Files">
      <UniqueIdentifier>{67DA6AB6-F800-4c08-8B7A-83BB121AAD01}</UniqueIdentifier>
      <Extensions>rc;ico;cur;bmp;dlg;rc2;rct;bin;rgs;gif;jpg;jpeg;jpe;resx;tiff;tif;png;wav;mfcribbon-ms</Extensions>
    </Filter>
    <Filter Include="Manifest">
      <UniqueIdentifier>{bf26edec-a4bb-4523-8f0d-91dc394186db}</UniqueIdentifier>
    </Filter>
  </ItemGroup>
  <ItemGroup>
    <None Include="ReadMe.txt" />
  </ItemGroup>
  <ItemGroup>
    <ClInclude Include="BButton.h">
      <Filter>Header Files</Filter>
    </ClInclude>
    <ClInclude Include="BTextEdit.h">
      <Filter>Header Files</Filter>
    </ClInclude>
    <ClInclude Include="BStaticText.h">
      <Filter>Header Files</Filter>
    </ClInclude>
    <ClInclude Include="BControl.h">
      <Filter>Header Files</Filter>
    </ClInclude>
    <ClInclude Include="BApplication.h">
      <Filter>Header Files</Filter>
    </ClInclude>
    <ClInclude Include="BGroupBox.h">
      <Filter>Header Files</Filter>
    </ClInclude>
    <ClInclude Include="BTimer.h">
      <Filter>Header Files</Filter>
    </ClInclude>
    <ClInclude Include="BEvent.h">
      <Filter>Header Files</Filter>
    </ClInclude>
    <ClInclude Include="BStatusBar.h">
      <Filter>Header Files</Filter>
    </ClInclude>
    <ClInclude Include="BTreeView.h">
      <Filter>Header Files</Filter>
    </ClInclude>
    <ClInclude Include="BTreeViewItem.h">
      <Filter>Header Files</Filter>
    </ClInclude>
    <ClInclude Include="BStatusPanel.h">
      <Filter>Header Files</Filter>
    </ClInclude>
    <ClInclude Include="stdafx.h">
      <Filter>Header Files</Filter>
    </ClInclude>
    <ClInclude Include="targetver.h">
      <Filter>Header Files</Filter>
    </ClInclude>
    <ClInclude Include="BForm.h">
      <Filter>Header Files</Filter>
    </ClInclude>
    <ClInclude Include="BFont.h">
      <Filter>Header Files</Filter>
    </ClInclude>
    <ClInclude Include="BListView.h">
      <Filter>Header Files</Filter>
    </ClInclude>
    <ClInclude Include="BMenuItem.h">
      <Filter>Header Files</Filter>
    </ClInclude>
    <ClInclude Include="BPopUpMenu.h">
      <Filter>Header Files</Filter>
    </ClInclude>
    <ClInclude Include="BMainMenu.h">
      <Filter>Header Files</Filter>
    </ClInclude>
    <ClInclude Include="BMenu.h">
      <Filter>Header Files</Filter>
    </ClInclude>
    <ClInclude Include="ExportImport.h">
      <Filter>Header Files</Filter>
    </ClInclude>
    <ClInclude Include="BFileDialog.h">
      <Filter>Header Files</Filter>
    </ClInclude>
    <ClInclude Include="BListViewItem.h">
      <Filter>Header Files</Filter>
    </ClInclude>
    <ClInclude Include="BListViewSubitem.h">
      <Filter>Header Files</Filter>
    </ClInclude>
    <ClInclude Include="BFolderBrowseDialog.h">
      <Filter>Header Files</Filter>
    </ClInclude>
    <ClInclude Include="BComboBox.h">
      <Filter>Header Files</Filter>
    </ClInclude>
    <ClInclude Include="BImage.h">
      <Filter>Header Files</Filter>
    </ClInclude>
    <ClInclude Include="BCheckBox.h">
      <Filter>Header Files</Filter>
    </ClInclude>
    <ClInclude Include="BColor.h">
      <Filter>Header Files</Filter>
    </ClInclude>
    <ClInclude Include="BProgressBar.h">
      <Filter>Header Files</Filter>
    </ClInclude>
    <ClInclude Include="BScrollBar.h">
      <Filter>Header Files</Filter>
    </ClInclude>
    <ClInclude Include="BVisualControl.h">
      <Filter>Header Files</Filter>
    </ClInclude>
    <ClInclude Include="BRadioButton.h">
      <Filter>Header Files</Filter>
    </ClInclude>
    <ClInclude Include="BTabControl.h">
      <Filter>Header Files</Filter>
    </ClInclude>
    <ClInclude Include="BTabPage.h">
      <Filter>Header Files</Filter>
    </ClInclude>
    <ClInclude Include="BPanel.h">
      <Filter>Header Files</Filter>
    </ClInclude>
    <ClInclude Include="BNotificationIcon.h">
      <Filter>Header Files</Filter>
    </ClInclude>
    <ClInclude Include="BImageList.cpp">
      <Filter>Source Files</Filter>
    </ClInclude>
    <ClInclude Include="BImageList.h">
      <Filter>Header Files</Filter>
    </ClInclude>
    <ClInclude Include="BIconList.h">
      <Filter>Header Files</Filter>
    </ClInclude>
    <ClInclude Include="BIcon.h">
      <Filter>Header Files</Filter>
    </ClInclude>
    <ClInclude Include="BRegistry.h">
      <Filter>Header Files</Filter>
    </ClInclude>
    <ClInclude Include="BException.h">
      <Filter>Header Files</Filter>
    </ClInclude>
  </ItemGroup>
  <ItemGroup>
    <ClCompile Include="BButton.cpp">
      <Filter>Source Files</Filter>
    </ClCompile>
    <ClCompile Include="BControl.cpp">
      <Filter>Source Files</Filter>
    </ClCompile>
    <ClCompile Include="BStaticText.cpp">
      <Filter>Source Files</Filter>
    </ClCompile>
    <ClCompile Include="BApplication.cpp">
      <Filter>Source Files</Filter>
    </ClCompile>
    <ClCompile Include="BTextEdit.cpp">
      <Filter>Source Files</Filter>
    </ClCompile>
    <ClCompile Include="BGroupBox.cpp">
      <Filter>Source Files</Filter>
    </ClCompile>
    <ClCompile Include="BTimer.cpp">
      <Filter>Source Files</Filter>
    </ClCompile>
    <ClCompile Include="BStatusBar.cpp">
      <Filter>Source Files</Filter>
    </ClCompile>
    <ClCompile Include="BTreeView.cpp">
      <Filter>Source Files</Filter>
    </ClCompile>
    <ClCompile Include="BTreeViewItem.cpp">
      <Filter>Source Files</Filter>
    </ClCompile>
    <ClCompile Include="BStatusPanel.cpp">
      <Filter>Source Files</Filter>
    </ClCompile>
    <ClCompile Include="stdafx.cpp">
      <Filter>Source Files</Filter>
    </ClCompile>
    <ClCompile Include="BForm.cpp">
      <Filter>Source Files</Filter>
    </ClCompile>
    <ClCompile Include="BFont.cpp">
      <Filter>Source Files</Filter>
    </ClCompile>
    <ClCompile Include="BListView.cpp">
      <Filter>Source Files</Filter>
    </ClCompile>
    <ClCompile Include="BMenuItem.cpp">
      <Filter>Source Files</Filter>
    </ClCompile>
    <ClCompile Include="BPopUpMenu.cpp">
      <Filter>Source Files</Filter>
    </ClCompile>
    <ClCompile Include="BMainMenu.cpp">
      <Filter>Source Files</Filter>
    </ClCompile>
    <ClCompile Include="BMenu.cpp">
      <Filter>Source Files</Filter>
    </ClCompile>
    <ClCompile Include="Globals.cpp">
      <Filter>Source Files</Filter>
    </ClCompile>
    <ClCompile Include="BFileDialog.cpp">
      <Filter>Source Files</Filter>
    </ClCompile>
    <ClCompile Include="BListViewItem.cpp">
      <Filter>Source Files</Filter>
    </ClCompile>
    <ClCompile Include="BListViewSubitem.cpp">
      <Filter>Source Files</Filter>
    </ClCompile>
    <ClCompile Include="BFolderBrowseDialog.cpp">
      <Filter>Source Files</Filter>
    </ClCompile>
    <ClCompile Include="BComboBox.cpp">
      <Filter>Source Files</Filter>
    </ClCompile>
    <ClCompile Include="BImage.cpp">
      <Filter>Source Files</Filter>
    </ClCompile>
    <ClCompile Include="BEvent.cpp">
      <Filter>Source Files</Filter>
    </ClCompile>
    <ClCompile Include="BCheckBox.cpp">
      <Filter>Source Files</Filter>
    </ClCompile>
    <ClCompile Include="BColor.cpp">
      <Filter>Source Files</Filter>
    </ClCompile>
    <ClCompile Include="BProgressBar.cpp">
      <Filter>Source Files</Filter>
    </ClCompile>
    <ClCompile Include="BScrollBar.cpp">
      <Filter>Source Files</Filter>
    </ClCompile>
    <ClCompile Include="BVisualControl.cpp">
      <Filter>Source Files</Filter>
    </ClCompile>
    <ClCompile Include="BRadioButton.cpp">
      <Filter>Source Files</Filter>
    </ClCompile>
    <ClCompile Include="BTabControl.cpp">
      <Filter>Source Files</Filter>
    </ClCompile>
    <ClCompile Include="BTabPage.cpp">
      <Filter>Source Files</Filter>
    </ClCompile>
    <ClCompile Include="BPanel.cpp">
      <Filter>Source Files</Filter>
    </ClCompile>
    <ClCompile Include="BNotificationIcon.cpp">
      <Filter>Source Files</Filter>
    </ClCompile>
    <ClCompile Include="BIconList.cpp">
      <Filter>Source Files</Filter>
    </ClCompile>
    <ClCompile Include="BIcon.cpp">
      <Filter>Source Files</Filter>
    </ClCompile>
    <ClCompile Include="BRegistry.cpp">
      <Filter>Source Files</Filter>
    </ClCompile>
  </ItemGroup>
</Project>